
Microsoft Visual Studio Solution File, Format Version 12.00
Project("{FAE04EC0-301F-11D3-BF4B-00C04F79EFBC}") = "Exercise2", "Exercise2\Exercise2.csproj", "{9C84068B-A79B-4F65-AAD7-E07DF8B9E9A5}"
EndProject
Global
	GlobalSection(SolutionConfigurationPlatforms) = preSolution
		Debug|Any CPU = Debug|Any CPU
		Release|Any CPU = Release|Any CPU
	EndGlobalSection
	GlobalSection(ProjectConfigurationPlatforms) = postSolution
		{9C84068B-A79B-4F65-AAD7-E07DF8B9E9A5}.Debug|Any CPU.ActiveCfg = Debug|Any CPU
		{9C84068B-A79B-4F65-AAD7-E07DF8B9E9A5}.Debug|Any CPU.Build.0 = Debug|Any CPU
		{9C84068B-A79B-4F65-AAD7-E07DF8B9E9A5}.Release|Any CPU.ActiveCfg = Release|Any CPU
		{9C84068B-A79B-4F65-AAD7-E07DF8B9E9A5}.Release|Any CPU.Build.0 = Release|Any CPU
	EndGlobalSection
EndGlobal
